
Microsoft Visual Studio Solution File, Format Version 12.00
# Visual Studio 15
VisualStudioVersion = 15.0.28307.106
MinimumVisualStudioVersion = 10.0.40219.1
Project("{FAE04EC0-301F-11D3-BF4B-00C04F79EFBC}") = "WebApplicationSourceNet", "WebApplicationSourceNet\WebApplicationSourceNet.csproj", "{BABE6373-F52B-4DA7-B10F-9AE48B3056CB}"
EndProject
Global
	GlobalSection(SolutionConfigurationPlatforms) = preSolution
		Debug|Any CPU = Debug|Any CPU
		Release|Any CPU = Release|Any CPU
	EndGlobalSection
	GlobalSection(ProjectConfigurationPlatforms) = postSolution
		{BABE6373-F52B-4DA7-B10F-9AE48B3056CB}.Debug|Any CPU.ActiveCfg = Debug|Any CPU
		{BABE6373-F52B-4DA7-B10F-9AE48B3056CB}.Debug|Any CPU.Build.0 = Debug|Any CPU
		{BABE6373-F52B-4DA7-B10F-9AE48B3056CB}.Release|Any CPU.ActiveCfg = Release|Any CPU
		{BABE6373-F52B-4DA7-B10F-9AE48B3056CB}.Release|Any CPU.Build.0 = Release|Any CPU
	EndGlobalSection
	GlobalSection(SolutionProperties) = preSolution
		HideSolutionNode = FALSE
	EndGlobalSection
	GlobalSection(ExtensibilityGlobals) = postSolution
		SolutionGuid = {E415A402-F658-4D98-8788-C1F6DA303BE7}
	EndGlobalSection
EndGlobal
